
Microsoft Visual Studio Solution File, Format Version 12.00
# Visual Studio Version 17
VisualStudioVersion = 17.1.32210.238
MinimumVisualStudioVersion = 10.0.40219.1
Project("{9A19103F-16F7-4668-BE54-9A1E7A4F7556}") = "TheFeud", "TheFeud\TheFeud.csproj", "{55FA729D-3C0B-4BEB-BC01-868FDA629B85}"
EndProject
Project("{9A19103F-16F7-4668-BE54-9A1E7A4F7556}") = "DeulingTraditions", "DeulingTraditions\DeulingTraditions.csproj", "{B0CFE7FE-C23C-4D29-A9E7-DFCAC8664FFC}"
EndProject
Project("{9A19103F-16F7-4668-BE54-9A1E7A4F7556}") = "SafeNumberCrunching", "SafeNumberCrunching\SafeNumberCrunching.csproj", "{8104E0E1-FC9D-4C81-AD57-77BCF40FC5F4}"
EndProject
Project("{9A19103F-16F7-4668-BE54-9A1E7A4F7556}") = "BetterRandom", "BetterRandom\BetterRandom.csproj", "{E4B012FD-0BAA-49B8-9921-99BFD4417CA0}"
EndProject
Project("{9A19103F-16F7-4668-BE54-9A1E7A4F7556}") = "ExceptisGame", "ExceptisGame\ExceptisGame.csproj", "{C4D55620-1156-4E81-A7A9-5AD02B5068F1}"
EndProject
Project("{9A19103F-16F7-4668-BE54-9A1E7A4F7556}") = "TheSieve", "TheSieve\TheSieve.csproj", "{A1D3B975-8FCB-49B2-B2EB-DE68C4A6A2D5}"
EndProject
Project("{9A19103F-16F7-4668-BE54-9A1E7A4F7556}") = "CharberryTrees", "CharberryTrees\CharberryTrees.csproj", "{66F5AF84-302D-462F-A821-1D4383B67A55}"
EndProject
Project("{9A19103F-16F7-4668-BE54-9A1E7A4F7556}") = "TheLongGame", "TheLongGame\TheLongGame.csproj", "{F7820618-93AF-444C-8BD8-8834FB49713D}"
EndProject
Project("{FAE04EC0-301F-11D3-BF4B-00C04F79EFBC}") = "ThePotionMastersOfPattren", "ThePotionMastersOfPattren\ThePotionMastersOfPattren.csproj", "{30AB8C88-AC05-4A0D-9475-87ECE53EDC49}"
EndProject
Global
	GlobalSection(SolutionConfigurationPlatforms) = preSolution
		Debug|Any CPU = Debug|Any CPU
		Release|Any CPU = Release|Any CPU
	EndGlobalSection
	GlobalSection(ProjectConfigurationPlatforms) = postSolution
		{55FA729D-3C0B-4BEB-BC01-868FDA629B85}.Debug|Any CPU.ActiveCfg = Debug|Any CPU
		{55FA729D-3C0B-4BEB-BC01-868FDA629B85}.Debug|Any CPU.Build.0 = Debug|Any CPU
		{55FA729D-3C0B-4BEB-BC01-868FDA629B85}.Release|Any CPU.ActiveCfg = Release|Any CPU
		{55FA729D-3C0B-4BEB-BC01-868FDA629B85}.Release|Any CPU.Build.0 = Release|Any CPU
		{B0CFE7FE-C23C-4D29-A9E7-DFCAC8664FFC}.Debug|Any CPU.ActiveCfg = Debug|Any CPU
		{B0CFE7FE-C23C-4D29-A9E7-DFCAC8664FFC}.Debug|Any CPU.Build.0 = Debug|Any CPU
		{B0CFE7FE-C23C-4D29-A9E7-DFCAC8664FFC}.Release|Any CPU.ActiveCfg = Release|Any CPU
		{B0CFE7FE-C23C-4D29-A9E7-DFCAC8664FFC}.Release|Any CPU.Build.0 = Release|Any CPU
		{8104E0E1-FC9D-4C81-AD57-77BCF40FC5F4}.Debug|Any CPU.ActiveCfg = Debug|Any CPU
		{8104E0E1-FC9D-4C81-AD57-77BCF40FC5F4}.Debug|Any CPU.Build.0 = Debug|Any CPU
		{8104E0E1-FC9D-4C81-AD57-77BCF40FC5F4}.Release|Any CPU.ActiveCfg = Release|Any CPU
		{8104E0E1-FC9D-4C81-AD57-77BCF40FC5F4}.Release|Any CPU.Build.0 = Release|Any CPU
		{E4B012FD-0BAA-49B8-9921-99BFD4417CA0}.Debug|Any CPU.ActiveCfg = Debug|Any CPU
		{E4B012FD-0BAA-49B8-9921-99BFD4417CA0}.Debug|Any CPU.Build.0 = Debug|Any CPU
		{E4B012FD-0BAA-49B8-9921-99BFD4417CA0}.Release|Any CPU.ActiveCfg = Release|Any CPU
		{E4B012FD-0BAA-49B8-9921-99BFD4417CA0}.Release|Any CPU.Build.0 = Release|Any CPU
		{C4D55620-1156-4E81-A7A9-5AD02B5068F1}.Debug|Any CPU.ActiveCfg = Debug|Any CPU
		{C4D55620-1156-4E81-A7A9-5AD02B5068F1}.Debug|Any CPU.Build.0 = Debug|Any CPU
		{C4D55620-1156-4E81-A7A9-5AD02B5068F1}.Release|Any CPU.ActiveCfg = Release|Any CPU
		{C4D55620-1156-4E81-A7A9-5AD02B5068F1}.Release|Any CPU.Build.0 = Release|Any CPU
		{A1D3B975-8FCB-49B2-B2EB-DE68C4A6A2D5}.Debug|Any CPU.ActiveCfg = Debug|Any CPU
		{A1D3B975-8FCB-49B2-B2EB-DE68C4A6A2D5}.Debug|Any CPU.Build.0 = Debug|Any CPU
		{A1D3B975-8FCB-49B2-B2EB-DE68C4A6A2D5}.Release|Any CPU.ActiveCfg = Release|Any CPU
		{A1D3B975-8FCB-49B2-B2EB-DE68C4A6A2D5}.Release|Any CPU.Build.0 = Release|Any CPU
		{66F5AF84-302D-462F-A821-1D4383B67A55}.Debug|Any CPU.ActiveCfg = Debug|Any CPU
		{66F5AF84-302D-462F-A821-1D4383B67A55}.Debug|Any CPU.Build.0 = Debug|Any CPU
		{66F5AF84-302D-462F-A821-1D4383B67A55}.Release|Any CPU.ActiveCfg = Release|Any CPU
		{66F5AF84-302D-462F-A821-1D4383B67A55}.Release|Any CPU.Build.0 = Release|Any CPU
		{F7820618-93AF-444C-8BD8-8834FB49713D}.Debug|Any CPU.ActiveCfg = Debug|Any CPU
		{F7820618-93AF-444C-8BD8-8834FB49713D}.Debug|Any CPU.Build.0 = Debug|Any CPU
		{F7820618-93AF-444C-8BD8-8834FB49713D}.Release|Any CPU.ActiveCfg = Release|Any CPU
		{F7820618-93AF-444C-8BD8-8834FB49713D}.Release|Any CPU.Build.0 = Release|Any CPU
		{30AB8C88-AC05-4A0D-9475-87ECE53EDC49}.Debug|Any CPU.ActiveCfg = Debug|Any CPU
		{30AB8C88-AC05-4A0D-9475-87ECE53EDC49}.Debug|Any CPU.Build.0 = Debug|Any CPU
		{30AB8C88-AC05-4A0D-9475-87ECE53EDC49}.Release|Any CPU.ActiveCfg = Release|Any CPU
		{30AB8C88-AC05-4A0D-9475-87ECE53EDC49}.Release|Any CPU.Build.0 = Release|Any CPU
	EndGlobalSection
	GlobalSection(SolutionProperties) = preSolution
		HideSolutionNode = FALSE
	EndGlobalSection
	GlobalSection(ExtensibilityGlobals) = postSolution
		SolutionGuid = {F82BF410-4C12-4306-8149-5D7742D02A5D}
	EndGlobalSection
EndGlobal
